
Microsoft Visual Studio Solution File, Format Version 12.00
# Visual Studio Version 17
VisualStudioVersion = 17.1.32210.238
MinimumVisualStudioVersion = 10.0.40219.1
Project("{FAE04EC0-301F-11D3-BF4B-00C04F79EFBC}") = "Web sitesi", "WebApplication1\Web sitesi.csproj", "{3DFF7223-A280-4D36-9876-6B4CBDC06FD1}"
EndProject
Project("{FAE04EC0-301F-11D3-BF4B-00C04F79EFBC}") = "ApiNG", "ApiNG\ApiNG.csproj", "{EB97E63D-71CB-4441-B7A7-41732E2FDB94}"
EndProject
Global
	GlobalSection(SolutionConfigurationPlatforms) = preSolution
		Debug|Any CPU = Debug|Any CPU
		Release|Any CPU = Release|Any CPU
	EndGlobalSection
	GlobalSection(ProjectConfigurationPlatforms) = postSolution
		{3DFF7223-A280-4D36-9876-6B4CBDC06FD1}.Debug|Any CPU.ActiveCfg = Debug|Any CPU
		{3DFF7223-A280-4D36-9876-6B4CBDC06FD1}.Debug|Any CPU.Build.0 = Debug|Any CPU
		{3DFF7223-A280-4D36-9876-6B4CBDC06FD1}.Release|Any CPU.ActiveCfg = Release|Any CPU
		{3DFF7223-A280-4D36-9876-6B4CBDC06FD1}.Release|Any CPU.Build.0 = Release|Any CPU
		{EB97E63D-71CB-4441-B7A7-41732E2FDB94}.Debug|Any CPU.ActiveCfg = Debug|Any CPU
		{EB97E63D-71CB-4441-B7A7-41732E2FDB94}.Debug|Any CPU.Build.0 = Debug|Any CPU
		{EB97E63D-71CB-4441-B7A7-41732E2FDB94}.Release|Any CPU.ActiveCfg = Release|Any CPU
		{EB97E63D-71CB-4441-B7A7-41732E2FDB94}.Release|Any CPU.Build.0 = Release|Any CPU
	EndGlobalSection
	GlobalSection(SolutionProperties) = preSolution
		HideSolutionNode = FALSE
	EndGlobalSection
	GlobalSection(ExtensibilityGlobals) = postSolution
		SolutionGuid = {93C5B7B1-1DD1-4658-86A5-85BCF85ABBD7}
	EndGlobalSection
EndGlobal
